// !$*UTF8*$!
{
	archiveVersion = 1;
	classes = {
	};
	objectVersion = 46;
	objects = {

/* Begin PBXBuildFile section */
		787E990B1E1D9B5300037140 /* PSLocation.framework in Frameworks */ = {isa = PBXBuildFile; fileRef = 787E990A1E1D9B5300037140 /* PSLocation.framework */; };
		787E990C1E1D9B5300037140 /* PSLocation.framework in Embed Frameworks */ = {isa = PBXBuildFile; fileRef = 787E990A1E1D9B5300037140 /* PSLocation.framework */; settings = {ATTRIBUTES = (CodeSignOnCopy, RemoveHeadersOnCopy, ); }; };
		78A33C1A1E01C074007BFB70 /* AppDelegate.swift in Sources */ = {isa = PBXBuildFile; fileRef = 78A33C191E01C074007BFB70 /* AppDelegate.swift */; };
		78A33C1C1E01C074007BFB70 /* ViewController.swift in Sources */ = {isa = PBXBuildFile; fileRef = 78A33C1B1E01C074007BFB70 /* ViewController.swift */; };
		78A33C1F1E01C074007BFB70 /* Main.storyboard in Resources */ = {isa = PBXBuildFile; fileRef = 78A33C1D1E01C074007BFB70 /* Main.storyboard */; };
		78A33C211E01C074007BFB70 /* Assets.xcassets in Resources */ = {isa = PBXBuildFile; fileRef = 78A33C201E01C074007BFB70 /* Assets.xcassets */; };
		78A33C241E01C074007BFB70 /* LaunchScreen.storyboard in Resources */ = {isa = PBXBuildFile; fileRef = 78A33C221E01C074007BFB70 /* LaunchScreen.storyboard */; };
/* End PBXBuildFile section */

/* Begin PBXCopyFilesBuildPhase section */
		787E990D1E1D9B5300037140 /* Embed Frameworks */ = {
			isa = PBXCopyFilesBuildPhase;
			buildActionMask = 2147483647;
			dstPath = "";
			dstSubfolderSpec = 10;
			files = (
				787E990C1E1D9B5300037140 /* PSLocation.framework in Embed Frameworks */,
			);
			name = "Embed Frameworks";
			runOnlyForDeploymentPostprocessing = 0;
		};
/* End PBXCopyFilesBuildPhase section */

/* Begin PBXFileReference section */
		787E990A1E1D9B5300037140 /* PSLocation.framework */ = {isa = PBXFileReference; lastKnownFileType = wrapper.framework; name = PSLocation.framework; path = Frameworks/PSLocation.framework; sourceTree = "<group>"; };
		78A33C161E01C074007BFB70 /* WakeUp Sample (Swift).app */ = {isa = PBXFileReference; explicitFileType = wrapper.application; includeInIndex = 0; path = "WakeUp Sample (Swift).app"; sourceTree = BUILT_PRODUCTS_DIR; };
		78A33C191E01C074007BFB70 /* AppDelegate.swift */ = {isa = PBXFileReference; lastKnownFileType = sourcecode.swift; path = AppDelegate.swift; sourceTree = "<group>"; };
		78A33C1B1E01C074007BFB70 /* ViewController.swift */ = {isa = PBXFileReference; lastKnownFileType = sourcecode.swift; path = ViewController.swift; sourceTree = "<group>"; };
		78A33C1E1E01C074007BFB70 /* Base */ = {isa = PBXFileReference; lastKnownFileType = file.storyboard; name = Base; path = Base.lproj/Main.storyboard; sourceTree = "<group>"; };
		78A33C201E01C074007BFB70 /* Assets.xcassets */ = {isa = PBXFileReference; lastKnownFileType = folder.assetcatalog; path = Assets.xcassets; sourceTree = "<group>"; };
		78A33C231E01C074007BFB70 /* Base */ = {isa = PBXFileReference; lastKnownFileType = file.storyboard; name = Base; path = Base.lproj/LaunchScreen.storyboard; sourceTree = "<group>"; };
		78A33C251E01C074007BFB70 /* Info.plist */ = {isa = PBXFileReference; lastKnownFileType = text.plist.xml; path = Info.plist; sourceTree = "<group>"; };
		78A33C301E01C142007BFB70 /* MapKit.framework */ = {isa = PBXFileReference; lastKnownFileType = wrapper.framework; name = MapKit.framework; path = System/Library/Frameworks/MapKit.framework; sourceTree = SDKROOT; };
/* End PBXFileReference section */

/* Begin PBXFrameworksBuildPhase section */
		78A33C131E01C074007BFB70 /* Frameworks */ = {
			isa = PBXFrameworksBuildPhase;
			buildActionMask = 2147483647;
			files = (
				787E990B1E1D9B5300037140 /* PSLocation.framework in Frameworks */,
			);
			runOnlyForDeploymentPostprocessing = 0;
		};
/* End PBXFrameworksBuildPhase section */

/* Begin PBXGroup section */
		78A33C0D1E01C074007BFB70 = {
			isa = PBXGroup;
			children = (
				78A33C181E01C074007BFB70 /* WakeUp Sample */,
				78A33C171E01C074007BFB70 /* Products */,
				78A33C2F1E01C142007BFB70 /* Frameworks */,
			);
			sourceTree = "<group>";
		};
		78A33C171E01C074007BFB70 /* Products */ = {
			isa = PBXGroup;
			children = (
				78A33C161E01C074007BFB70 /* WakeUp Sample (Swift).app */,
			);
			name = Products;
			sourceTree = "<group>";
		};
		78A33C181E01C074007BFB70 /* WakeUp Sample */ = {
			isa = PBXGroup;
			children = (
				78A33C191E01C074007BFB70 /* AppDelegate.swift */,
				78A33C1B1E01C074007BFB70 /* ViewController.swift */,
				78A33C251E01C074007BFB70 /* Info.plist */,
				78A33C201E01C074007BFB70 /* Assets.xcassets */,
				78A33C1D1E01C074007BFB70 /* Main.storyboard */,
				78A33C221E01C074007BFB70 /* LaunchScreen.storyboard */,
			);
			path = "WakeUp Sample";
			sourceTree = "<group>";
		};
		78A33C2F1E01C142007BFB70 /* Frameworks */ = {
			isa = PBXGroup;
			children = (
				787E990A1E1D9B5300037140 /* PSLocation.framework */,
				78A33C301E01C142007BFB70 /* MapKit.framework */,
			);
			name = Frameworks;
			sourceTree = "<group>";
		};
/* End PBXGroup section */

/* Begin PBXNativeTarget section */
		78A33C151E01C074007BFB70 /* WakeUp Sample (Swift) */ = {
			isa = PBXNativeTarget;
			buildConfigurationList = 78A33C281E01C074007BFB70 /* Build configuration list for PBXNativeTarget "WakeUp Sample (Swift)" */;
			buildPhases = (
				78A33C121E01C074007BFB70 /* Sources */,
				78A33C131E01C074007BFB70 /* Frameworks */,
				78A33C141E01C074007BFB70 /* Resources */,
				787E990D1E1D9B5300037140 /* Embed Frameworks */,
				78A33C321E01FD8A007BFB70 /* ShellScript */,
			);
			buildRules = (
			);
			dependencies = (
			);
			name = "WakeUp Sample (Swift)";
			productName = "WakeUp Sample (Swift)";
			productReference = 78A33C161E01C074007BFB70 /* WakeUp Sample (Swift).app */;
			productType = "com.apple.product-type.application";
		};
/* End PBXNativeTarget section */

/* Begin PBXProject section */
		78A33C0E1E01C074007BFB70 /* Project object */ = {
			isa = PBXProject;
			attributes = {
				LastSwiftUpdateCheck = 0820;
				LastUpgradeCheck = 1020;
				ORGANIZATIONNAME = PathSense;
				TargetAttributes = {
					78A33C151E01C074007BFB70 = {
						CreatedOnToolsVersion = 8.2;
						LastSwiftMigration = 1020;
						ProvisioningStyle = Automatic;
						SystemCapabilities = {
							com.apple.BackgroundModes = {
								enabled = 1;
							};
							com.apple.Maps.iOS = {
								enabled = 1;
							};
						};
					};
				};
			};
			buildConfigurationList = 78A33C111E01C074007BFB70 /* Build configuration list for PBXProject "WakeUp Sample" */;
			compatibilityVersion = "Xcode 3.2";
			developmentRegion = en;
			hasScannedForEncodings = 0;
			knownRegions = (
				en,
				Base,
			);
			mainGroup = 78A33C0D1E01C074007BFB70;
			productRefGroup = 78A33C171E01C074007BFB70 /* Products */;
			projectDirPath = "";
			projectRoot = "";
			targets = (
				78A33C151E01C074007BFB70 /* WakeUp Sample (Swift) */,
			);
		};
/* End PBXProject section */

/* Begin PBXResourcesBuildPhase section */
		78A33C141E01C074007BFB70 /* Resources */ = {
			isa = PBXResourcesBuildPhase;
			buildActionMask = 2147483647;
			files = (
				78A33C241E01C074007BFB70 /* LaunchScreen.storyboard in Resources */,
				78A33C211E01C074007BFB70 /* Assets.xcassets in Resources */,
				78A33C1F1E01C074007BFB70 /* Main.storyboard in Resources */,
			);
			runOnlyForDeploymentPostprocessing = 0;
		};
/* End PBXResourcesBuildPhase section */

/* Begin PBXShellScriptBuildPhase section */
		78A33C321E01FD8A007BFB70 /* ShellScript */ = {
			isa = PBXShellScriptBuildPhase;
			buildActionMask = 2147483647;
			files = (
			);
			inputPaths = (
			);
			outputPaths = (
			);
			runOnlyForDeploymentPostprocessing = 0;
			shellPath = /bin/sh;
			shellScript = "bash \"${BUILT_PRODUCTS_DIR}/${FRAMEWORKS_FOLDER_PATH}/PSLocation.framework/strip-frameworks.sh\"";
		};
/* End PBXShellScriptBuildPhase section */

/* Begin PBXSourcesBuildPhase section */
		78A33C121E01C074007BFB70 /* Sources */ = {
			isa = PBXSourcesBuildPhase;
			buildActionMask = 2147483647;
			files = (
				78A33C1C1E01C074007BFB70 /* ViewController.swift in Sources */,
				78A33C1A1E01C074007BFB70 /* AppDelegate.swift in Sources */,
			);
			runOnlyForDeploymentPostprocessing = 0;
		};
/* End PBXSourcesBuildPhase section */

/* Begin PBXVariantGroup section */
		78A33C1D1E01C074007BFB70 /* Main.storyboard */ = {
			isa = PBXVariantGroup;
			children = (
				78A33C1E1E01C074007BFB70 /* Base */,
			);
			name = Main.storyboard;
			sourceTree = "<group>";
		};
		78A33C221E01C074007BFB70 /* LaunchScreen.storyboard */ = {
			isa = PBXVariantGroup;
			children = (
				78A33C231E01C074007BFB70 /* Base */,
			);
			name = LaunchScreen.storyboard;
			sourceTree = "<group>";
		};
/* End PBXVariantGroup section */

/* Begin XCBuildConfiguration section */
		78A33C261E01C074007BFB70 /* Debug */ = {
			isa = XCBuildConfiguration;
			buildSettings = {
				ALWAYS_SEARCH_USER_PATHS = NO;
				CLANG_ANALYZER_LOCALIZABILITY_NONLOCALIZED = YES;
				CLANG_ANALYZER_NONNULL = YES;
				CLANG_CXX_LANGUAGE_STANDARD = "gnu++0x";
				CLANG_CXX_LIBRARY = "libc++";
				CLANG_ENABLE_MODULES = YES;
				CLANG_ENABLE_OBJC_ARC = YES;
				CLANG_WARN_BLOCK_CAPTURE_AUTORELEASING = YES;
				CLANG_WARN_BOOL_CONVERSION = YES;
				CLANG_WARN_COMMA = YES;
				CLANG_WARN_CONSTANT_CONVERSION = YES;
				CLANG_WARN_DEPRECATED_OBJC_IMPLEMENTATIONS = YES;
				CLANG_WARN_DIRECT_OBJC_ISA_USAGE = YES_ERROR;
				CLANG_WARN_DOCUMENTATION_COMMENTS = YES;
				CLANG_WARN_EMPTY_BODY = YES;
				CLANG_WARN_ENUM_CONVERSION = YES;
				CLANG_WARN_INFINITE_RECURSION = YES;
				CLANG_WARN_INT_CONVERSION = YES;
				CLANG_WARN_NON_LITERAL_NULL_CONVERSION = YES;
				CLANG_WARN_OBJC_IMPLICIT_RETAIN_SELF = YES;
				CLANG_WARN_OBJC_LITERAL_CONVERSION = YES;
				CLANG_WARN_OBJC_ROOT_CLASS = YES_ERROR;
				CLANG_WARN_RANGE_LOOP_ANALYSIS = YES;
				CLANG_WARN_STRICT_PROTOTYPES = YES;
				CLANG_WARN_SUSPICIOUS_MOVE = YES;
				CLANG_WARN_UNREACHABLE_CODE = YES;
				CLANG_WARN__DUPLICATE_METHOD_MATCH = YES;
				"CODE_SIGN_IDENTITY[sdk=iphoneos*]" = "iPhone Developer";
				COPY_PHASE_STRIP = NO;
				DEBUG_INFORMATION_FORMAT = dwarf;
				ENABLE_STRICT_OBJC_MSGSEND = YES;
				ENABLE_TESTABILITY = YES;
				GCC_C_LANGUAGE_STANDARD = gnu99;
				GCC_DYNAMIC_NO_PIC = NO;
				GCC_NO_COMMON_BLOCKS = YES;
				GCC_OPTIMIZATION_LEVEL = 0;
				GCC_PREPROCESSOR_DEFINITIONS = (
					"DEBUG=1",
					"$(inherited)",
				);
				GCC_WARN_64_TO_32_BIT_CONVERSION = YES;
				GCC_WARN_ABOUT_RETURN_TYPE = YES_ERROR;
				GCC_WARN_UNDECLARED_SELECTOR = YES;
				GCC_WARN_UNINITIALIZED_AUTOS = YES_AGGRESSIVE;
				GCC_WARN_UNUSED_FUNCTION = YES;
				GCC_WARN_UNUSED_VARIABLE = YES;
				IPHONEOS_DEPLOYMENT_TARGET = 10.0;
				MTL_ENABLE_DEBUG_INFO = YES;
				ONLY_ACTIVE_ARCH = YES;
				SDKROOT = iphoneos;
				SWIFT_ACTIVE_COMPILATION_CONDITIONS = DEBUG;
				SWIFT_OPTIMIZATION_LEVEL = "-Onone";
				TARGETED_DEVICE_FAMILY = "1,2";
			};
			name = Debug;
		};
		78A33C271E01C074007BFB70 /* Release */ = {
			isa = XCBuildConfiguration;
			buildSettings = {
				ALWAYS_SEARCH_USER_PATHS = NO;
				CLANG_ANALYZER_LOCALIZABILITY_NONLOCALIZED = YES;
				CLANG_ANALYZER_NONNULL = YES;
				CLANG_CXX_LANGUAGE_STANDARD = "gnu++0x";
				CLANG_CXX_LIBRARY = "libc++";
				CLANG_ENABLE_MODULES = YES;
				CLANG_ENABLE_OBJC_ARC = YES;
				CLANG_WARN_BLOCK_CAPTURE_AUTORELEASING = YES;
				CLANG_WARN_BOOL_CONVERSION = YES;
				CLANG_WARN_COMMA = YES;
				CLANG_WARN_CONSTANT_CONVERSION = YES;
				CLANG_WARN_DEPRECATED_OBJC_IMPLEMENTATIONS = YES;
				CLANG_WARN_DIRECT_OBJC_ISA_USAGE = YES_ERROR;
				CLANG_WARN_DOCUMENTATION_COMMENTS = YES;
				CLANG_WARN_EMPTY_BODY = YES;
				CLANG_WARN_ENUM_CONVERSION = YES;
				CLANG_WARN_INFINITE_RECURSION = YES;
				CLANG_WARN_INT_CONVERSION = YES;
				CLANG_WARN_NON_LITERAL_NULL_CONVERSION = YES;
				CLANG_WARN_OBJC_IMPLICIT_RETAIN_SELF = YES;
				CLANG_WARN_OBJC_LITERAL_CONVERSION = YES;
				CLANG_WARN_OBJC_ROOT_CLASS = YES_ERROR;
				CLANG_WARN_RANGE_LOOP_ANALYSIS = YES;
				CLANG_WARN_STRICT_PROTOTYPES = YES;
				CLANG_WARN_SUSPICIOUS_MOVE = YES;
				CLANG_WARN_UNREACHABLE_CODE = YES;
				CLANG_WARN__DUPLICATE_METHOD_MATCH = YES;
				"CODE_SIGN_IDENTITY[sdk=iphoneos*]" = "iPhone Developer";
				COPY_PHASE_STRIP = NO;
				DEBUG_INFORMATION_FORMAT = "dwarf-with-dsym";
				ENABLE_NS_ASSERTIONS = NO;
				ENABLE_STRICT_OBJC_MSGSEND = YES;
				GCC_C_LANGUAGE_STANDARD = gnu99;
				GCC_NO_COMMON_BLOCKS = YES;
				GCC_WARN_64_TO_32_BIT_CONVERSION = YES;
				GCC_WARN_ABOUT_RETURN_TYPE = YES_ERROR;
				GCC_WARN_UNDECLARED_SELECTOR = YES;
				GCC_WARN_UNINITIALIZED_AUTOS = YES_AGGRESSIVE;
				GCC_WARN_UNUSED_FUNCTION = YES;
				GCC_WARN_UNUSED_VARIABLE = YES;
				IPHONEOS_DEPLOYMENT_TARGET = 10.0;
				MTL_ENABLE_DEBUG_INFO = NO;
				SDKROOT = iphoneos;
				SWIFT_OPTIMIZATION_LEVEL = "-Owholemodule";
				TARGETED_DEVICE_FAMILY = "1,2";
				VALIDATE_PRODUCT = YES;
			};
			name = Release;
		};
		78A33C291E01C074007BFB70 /* Debug */ = {
			isa = XCBuildConfiguration;
			buildSettings = {
				ASSETCATALOG_COMPILER_APPICON_NAME = AppIcon;
				DEVELOPMENT_TEAM = "";
				FRAMEWORK_SEARCH_PATHS = (
					"$(inherited)",
					"$(PROJECT_DIR)/Frameworks",
				);
				INFOPLIST_FILE = "WakeUp Sample/Info.plist";
				LD_RUNPATH_SEARCH_PATHS = "$(inherited) @executable_path/Frameworks";
				PRODUCT_BUNDLE_IDENTIFIER = "com.pathsense.WakeUp-Sample--Swift-";
				PRODUCT_NAME = "$(TARGET_NAME)";
				SWIFT_VERSION = 5.0;
			};
			name = Debug;
		};
		78A33C2A1E01C074007BFB70 /* Release */ = {
			isa = XCBuildConfiguration;
			buildSettings = {
				ASSETCATALOG_COMPILER_APPICON_NAME = AppIcon;
				DEVELOPMENT_TEAM = "";
				FRAMEWORK_SEARCH_PATHS = (
					"$(inherited)",
					"$(PROJECT_DIR)/Frameworks",
				);
				INFOPLIST_FILE = "WakeUp Sample/Info.plist";
				LD_RUNPATH_SEARCH_PATHS = "$(inherited) @executable_path/Frameworks";
				PRODUCT_BUNDLE_IDENTIFIER = "com.pathsense.WakeUp-Sample--Swift-";
				PRODUCT_NAME = "$(TARGET_NAME)";
				SWIFT_VERSION = 5.0;
			};
			name = Release;
		};
/* End XCBuildConfiguration section */

/* Begin XCConfigurationList section */
		78A33C111E01C074007BFB70 /* Build configuration list for PBXProject "WakeUp Sample" */ = {
			isa = XCConfigurationList;
			buildConfigurations = (
				78A33C261E01C074007BFB70 /* Debug */,
				78A33C271E01C074007BFB70 /* Release */,
			);
			defaultConfigurationIsVisible = 0;
			defaultConfigurationName = Release;
		};
		78A33C281E01C074007BFB70 /* Build configuration list for PBXNativeTarget "WakeUp Sample (Swift)" */ = {
			isa = XCConfigurationList;
			buildConfigurations = (
				78A33C291E01C074007BFB70 /* Debug */,
				78A33C2A1E01C074007BFB70 /* Release */,
			);
			defaultConfigurationIsVisible = 0;
			defaultConfigurationName = Release;
		};
/* End XCConfigurationList section */
	};
	rootObject = 78A33C0E1E01C074007BFB70 /* Project object */;
}
